
Microsoft Visual Studio Solution File, Format Version 12.00
# Visual Studio Version 16
VisualStudioVersion = 16.0.30907.101
MinimumVisualStudioVersion = 10.0.40219.1
Project("{FAE04EC0-301F-11D3-BF4B-00C04F79EFBC}") = "Herança", "Herança\Herança.csproj", "{E3BA12DF-636E-4F35-B11E-9E3AFF3DAD48}"
EndProject
Global
	GlobalSection(SolutionConfigurationPlatforms) = preSolution
		Debug|Any CPU = Debug|Any CPU
		Release|Any CPU = Release|Any CPU
	EndGlobalSection
	GlobalSection(ProjectConfigurationPlatforms) = postSolution
		{E3BA12DF-636E-4F35-B11E-9E3AFF3DAD48}.Debug|Any CPU.ActiveCfg = Debug|Any CPU
		{E3BA12DF-636E-4F35-B11E-9E3AFF3DAD48}.Debug|Any CPU.Build.0 = Debug|Any CPU
		{E3BA12DF-636E-4F35-B11E-9E3AFF3DAD48}.Release|Any CPU.ActiveCfg = Release|Any CPU
		{E3BA12DF-636E-4F35-B11E-9E3AFF3DAD48}.Release|Any CPU.Build.0 = Release|Any CPU
	EndGlobalSection
	GlobalSection(SolutionProperties) = preSolution
		HideSolutionNode = FALSE
	EndGlobalSection
	GlobalSection(ExtensibilityGlobals) = postSolution
		SolutionGuid = {96929F6A-4B40-42C3-9210-E6256E3850E7}
	EndGlobalSection
EndGlobal
